
Microsoft Visual Studio Solution File, Format Version 12.00
# Visual Studio Version 16
VisualStudioVersion = 16.0.31729.503
MinimumVisualStudioVersion = 10.0.40219.1
Project("{9A19103F-16F7-4668-BE54-9A1E7A4F7556}") = "PED", "PED.csproj", "{634D1EC2-B94E-474A-BE38-689DC3E1EB18}"
EndProject
Project("{FAE04EC0-301F-11D3-BF4B-00C04F79EFBC}") = "TestPED", "..\TestPED\TestPED.csproj", "{3123E39B-2A36-482D-86A7-225E90E19961}"
EndProject
Global
	GlobalSection(SolutionConfigurationPlatforms) = preSolution
		Debug|Any CPU = Debug|Any CPU
		Release|Any CPU = Release|Any CPU
	EndGlobalSection
	GlobalSection(ProjectConfigurationPlatforms) = postSolution
		{634D1EC2-B94E-474A-BE38-689DC3E1EB18}.Debug|Any CPU.ActiveCfg = Debug|Any CPU
		{634D1EC2-B94E-474A-BE38-689DC3E1EB18}.Debug|Any CPU.Build.0 = Debug|Any CPU
		{634D1EC2-B94E-474A-BE38-689DC3E1EB18}.Release|Any CPU.ActiveCfg = Release|Any CPU
		{634D1EC2-B94E-474A-BE38-689DC3E1EB18}.Release|Any CPU.Build.0 = Release|Any CPU
		{3123E39B-2A36-482D-86A7-225E90E19961}.Debug|Any CPU.ActiveCfg = Debug|Any CPU
		{3123E39B-2A36-482D-86A7-225E90E19961}.Debug|Any CPU.Build.0 = Debug|Any CPU
		{3123E39B-2A36-482D-86A7-225E90E19961}.Release|Any CPU.ActiveCfg = Release|Any CPU
		{3123E39B-2A36-482D-86A7-225E90E19961}.Release|Any CPU.Build.0 = Release|Any CPU
	EndGlobalSection
	GlobalSection(SolutionProperties) = preSolution
		HideSolutionNode = FALSE
	EndGlobalSection
	GlobalSection(ExtensibilityGlobals) = postSolution
		SolutionGuid = {ED45C01B-6A1F-4B33-B5FE-741C19745630}
	EndGlobalSection
EndGlobal
